
Microsoft Visual Studio Solution File, Format Version 12.00
# Visual Studio Version 16
VisualStudioVersion = 16.0.31702.278
MinimumVisualStudioVersion = 10.0.40219.1
Project("{FAE04EC0-301F-11D3-BF4B-00C04F79EFBC}") = "WebAppPeopleApi", "WebAppPeopleApi\WebAppPeopleApi.csproj", "{579D4E4F-9CA4-48CC-827D-6F9E38F1719F}"
EndProject
Global
	GlobalSection(SolutionConfigurationPlatforms) = preSolution
		Debug|Any CPU = Debug|Any CPU
		Release|Any CPU = Release|Any CPU
	EndGlobalSection
	GlobalSection(ProjectConfigurationPlatforms) = postSolution
		{579D4E4F-9CA4-48CC-827D-6F9E38F1719F}.Debug|Any CPU.ActiveCfg = Debug|Any CPU
		{579D4E4F-9CA4-48CC-827D-6F9E38F1719F}.Debug|Any CPU.Build.0 = Debug|Any CPU
		{579D4E4F-9CA4-48CC-827D-6F9E38F1719F}.Release|Any CPU.ActiveCfg = Release|Any CPU
		{579D4E4F-9CA4-48CC-827D-6F9E38F1719F}.Release|Any CPU.Build.0 = Release|Any CPU
	EndGlobalSection
	GlobalSection(SolutionProperties) = preSolution
		HideSolutionNode = FALSE
	EndGlobalSection
	GlobalSection(ExtensibilityGlobals) = postSolution
		SolutionGuid = {C4FD3B02-A5A8-4A81-AC23-160A5AC9B884}
	EndGlobalSection
EndGlobal
